{
  "name": "ukrepd-to-geojson",
  "version": "0.1.0",
  "lockfileVersion": 1,
  "requires": true,
  "dependencies": {
    "csv-parse": {
      "version": "4.16.0",
      "resolved": "https://registry.npmjs.org/csv-parse/-/csv-parse-4.16.0.tgz",
      "integrity": "sha512-Zb4tGPANH4SW0LgC9+s9Mnequs9aqn7N3/pCqNbVjs2XhEF6yWNU2Vm4OGl1v2Go9nw8rXt87Cm2QN/o6Vpqgg=="
    },
    "gbify-geojson": {
      "version": "0.2.1",
      "resolved": "https://registry.npmjs.org/gbify-geojson/-/gbify-geojson-0.2.1.tgz",
      "integrity": "sha1-4+zEh2OYc8ZZp9OuSAarcdBESjU=",
      "requires": {
        "proj4": "^2.3.6"
      }
    },
    "geojson": {
      "version": "0.5.0",
      "resolved": "https://registry.npmjs.org/geojson/-/geojson-0.5.0.tgz",
      "integrity": "sha1-PNbJY5m+ZbVu5VWWEW/pGRznAcA="
    },
    "mgrs": {
      "version": "1.0.0",
      "resolved": "https://registry.npmjs.org/mgrs/-/mgrs-1.0.0.tgz",
      "integrity": "sha1-+5FYjnjJACVnI5XLQLJffNatGCk="
    },
    "proj4": {
      "version": "2.7.5",
      "resolved": "https://registry.npmjs.org/proj4/-/proj4-2.7.5.tgz",
      "integrity": "sha512-5ecXUXbHAfvdhfBQpU7EhUfPCQGUCPmVup/4gnZA3bJY3JcK/xxzm4QQDz1xiXokN6ux65VDczlCtBtKrTSpAQ==",
      "requires": {
        "mgrs": "1.0.0",
        "wkt-parser": "^1.3.1"
      }
    },
    "wkt-parser": {
      "version": "1.3.1",
      "resolved": "https://registry.npmjs.org/wkt-parser/-/wkt-parser-1.3.1.tgz",
      "integrity": "sha512-XK5qV+Y5gsygQfHx2/cS5a7Zxsgleaw8iX5UPC5eOXPc0TgJAu1JB9lr0iYYX3zAnN3p0aNiaN5c+1Bdblxwrg=="
    }
  }
}
